{
  "name": "enquete",
  "version": "1.0.0",
  "lockfileVersion": 3,
  "requires": true,
  "description": "Un projet pour gérer un formulaire d'enquête",
  "main": "index.js",
  "packages": {
    "": {
      "name": "enquete",
      "version": "1.0.0",
      "license": "ISC"
    }
  },
  "scripts": {
    "dev": "node index.js",
    "start": "node index.js"
  }
}
